
Microsoft Visual Studio Solution File, Format Version 12.00
# Visual Studio Version 16
VisualStudioVersion = 16.0.31025.194
MinimumVisualStudioVersion = 10.0.40219.1
Project("{FAE04EC0-301F-11D3-BF4B-00C04F79EFBC}") = "HotChocolateSample", "HotChocolateSample\HotChocolateSample.csproj", "{A3EE86FB-0958-4505-830D-969FDF39F902}"
EndProject
Global
	GlobalSection(SolutionConfigurationPlatforms) = preSolution
		Debug|Any CPU = Debug|Any CPU
		Release|Any CPU = Release|Any CPU
	EndGlobalSection
	GlobalSection(ProjectConfigurationPlatforms) = postSolution
		{A3EE86FB-0958-4505-830D-969FDF39F902}.Debug|Any CPU.ActiveCfg = Debug|Any CPU
		{A3EE86FB-0958-4505-830D-969FDF39F902}.Debug|Any CPU.Build.0 = Debug|Any CPU
		{A3EE86FB-0958-4505-830D-969FDF39F902}.Release|Any CPU.ActiveCfg = Release|Any CPU
		{A3EE86FB-0958-4505-830D-969FDF39F902}.Release|Any CPU.Build.0 = Release|Any CPU
	EndGlobalSection
	GlobalSection(SolutionProperties) = preSolution
		HideSolutionNode = FALSE
	EndGlobalSection
	GlobalSection(ExtensibilityGlobals) = postSolution
		SolutionGuid = {8ECD327A-44DD-4407-ACA0-40D3091B22F4}
	EndGlobalSection
EndGlobal
